
Microsoft Visual Studio Solution File, Format Version 12.00
Project("{F2A71F9B-5D33-465A-A702-920D77279786}") = "Arbitration", "Arbitration\Arbitration.fsproj", "{B7EB8C51-9825-46F3-A268-CA6CDBE74DE2}"
EndProject
Project("{F2A71F9B-5D33-465A-A702-920D77279786}") = "Arbitration.Integration.Test", "Arbitration.Integration.Test\Arbitration.Integration.Test.fsproj", "{5296810F-4DF2-4D23-9DA0-F757458AA747}"
EndProject
Global
	GlobalSection(SolutionConfigurationPlatforms) = preSolution
		Debug|Any CPU = Debug|Any CPU
		Release|Any CPU = Release|Any CPU
	EndGlobalSection
	GlobalSection(ProjectConfigurationPlatforms) = postSolution
		{B7EB8C51-9825-46F3-A268-CA6CDBE74DE2}.Debug|Any CPU.ActiveCfg = Debug|Any CPU
		{B7EB8C51-9825-46F3-A268-CA6CDBE74DE2}.Debug|Any CPU.Build.0 = Debug|Any CPU
		{B7EB8C51-9825-46F3-A268-CA6CDBE74DE2}.Release|Any CPU.ActiveCfg = Release|Any CPU
		{B7EB8C51-9825-46F3-A268-CA6CDBE74DE2}.Release|Any CPU.Build.0 = Release|Any CPU
		{5296810F-4DF2-4D23-9DA0-F757458AA747}.Debug|Any CPU.ActiveCfg = Debug|Any CPU
		{5296810F-4DF2-4D23-9DA0-F757458AA747}.Debug|Any CPU.Build.0 = Debug|Any CPU
		{5296810F-4DF2-4D23-9DA0-F757458AA747}.Release|Any CPU.ActiveCfg = Release|Any CPU
		{5296810F-4DF2-4D23-9DA0-F757458AA747}.Release|Any CPU.Build.0 = Release|Any CPU
	EndGlobalSection
EndGlobal
